<?xml version="1.0" encoding="utf-8"?>
<Project ToolsVersion="4.0" xmlns="http://schemas.microsoft.com/developer/msbuild/2003">
  <ItemGroup>
    <Filter Include="IFRS">
      <UniqueIdentifier>{2e357ae5-7eb8-4572-9d09-bd7b8cbf1b9e}</UniqueIdentifier>
    </Filter>
    <Filter Include="Tools">
      <UniqueIdentifier>{5054254a-be32-4db9-acbf-0f957bf850b6}</UniqueIdentifier>
    </Filter>
  </ItemGroup>
  <ItemGroup>
    <ClCompile Include="..\..\sbsa\IFRS\IFRSEarlyWarningCompany.cpp">
      <Filter>IFRS</Filter>
    </ClCompile>
    <ClCompile Include="..\..\sbsa\IFRS\IRFSEarlyWarning.cpp">
      <Filter>IFRS</Filter>
    </ClCompile>
    <ClCompile Include="..\..\sbsa\Tools\Tools.cpp">
      <Filter>Tools</Filter>
    </ClCompile>
    <ClCompile Include="..\..\sbsa\IFRS\IFRSEarlyWarningDashboard.cpp">
      <Filter>IFRS</Filter>
    </ClCompile>
    <ClCompile Include="..\..\sbsa\IFRS\PRMCSectors.cpp">
      <Filter>IFRS</Filter>
    </ClCompile>
  </ItemGroup>
  <ItemGroup>
    <ClInclude Include="..\..\sbsa\IFRS\IFRSEarlyWarningCompany.h">
      <Filter>IFRS</Filter>
    </ClInclude>
    <ClInclude Include="..\..\sbsa\IFRS\IRFSEarlyWarning.h">
      <Filter>IFRS</Filter>
    </ClInclude>
    <ClInclude Include="..\..\sbsa\Tools\Tools.h">
      <Filter>Tools</Filter>
    </ClInclude>
    <ClInclude Include="..\..\sbsa\IFRS\IFRSEarlyWarningDashboard.h">
      <Filter>IFRS</Filter>
    </ClInclude>
    <ClInclude Include="..\..\sbsa\IFRS\PRMCSectors.h">
      <Filter>IFRS</Filter>
    </ClInclude>
  </ItemGroup>
</Project>