<?xml version="1.0" encoding="utf-8"?>
<Project ToolsVersion="4.0" xmlns="http://schemas.microsoft.com/developer/msbuild/2003">
  <ItemGroup>
    <Filter Include="ValueObjects">
      <UniqueIdentifier>{5fa4c2f5-0f70-43b2-9b28-2d112aef42ae}</UniqueIdentifier>
    </Filter>
    <Filter Include="Contracts">
      <UniqueIdentifier>{22eed5f3-b8d8-4fea-bb8e-821f5eedb32e}</UniqueIdentifier>
    </Filter>
    <Filter Include="RateSource">
      <UniqueIdentifier>{65d705c3-07df-48b6-8e82-84166d2f581b}</UniqueIdentifier>
    </Filter>
    <Filter Include="RateSource\Volatility">
      <UniqueIdentifier>{ed10864d-7866-493e-bace-9e82f01b6202}</UniqueIdentifier>
    </Filter>
    <Filter Include="RateSource\Discount">
      <UniqueIdentifier>{5c8194ae-6308-4fde-a883-a32db33d6f61}</UniqueIdentifier>
    </Filter>
    <Filter Include="RateSource\Fixing">
      <UniqueIdentifier>{a2ff47e0-f2ad-495e-aae3-ef8ad32918e7}</UniqueIdentifier>
    </Filter>
    <Filter Include="RateSource\Forward">
      <UniqueIdentifier>{75594dd8-aa13-463b-a916-a391d78be141}</UniqueIdentifier>
    </Filter>
    <Filter Include="RateSource\PathGenerators">
      <UniqueIdentifier>{9af08acd-4d5e-4aa3-a03c-969e2e2058ac}</UniqueIdentifier>
    </Filter>
    <Filter Include="Contracts\Portfolio">
      <UniqueIdentifier>{d0c360c5-f815-4818-a70b-94bc0f5390fc}</UniqueIdentifier>
    </Filter>
    <Filter Include="Contracts\Portfolio\CVA">
      <UniqueIdentifier>{2e58706f-f7cb-472c-b634-6e972cf2fe78}</UniqueIdentifier>
    </Filter>
    <Filter Include="Contracts\Portfolio\Insurance">
      <UniqueIdentifier>{3fb2a24b-fbd3-484e-a573-8eb342def451}</UniqueIdentifier>
    </Filter>
    <Filter Include="Contracts\Portfolio\Margin">
      <UniqueIdentifier>{35a5cf02-9f09-4001-bd7e-1e96b13f785f}</UniqueIdentifier>
    </Filter>
  </ItemGroup>
  <ItemGroup>
    <ClInclude Include="PathGenerators\vo_SingleFactorGBM.h">
      <Filter>ValueObjects</Filter>
    </ClInclude>
    <ClInclude Include="Contracts\Contracts.h">
      <Filter>Contracts</Filter>
    </ClInclude>
    <ClInclude Include="RateSource\Discount\DiscountCurve.h">
      <Filter>RateSource\Discount</Filter>
    </ClInclude>
    <ClInclude Include="RateSource\Discount\DiscountRateSource.h">
      <Filter>RateSource\Discount</Filter>
    </ClInclude>
    <ClInclude Include="RateSource\Discount\vo_DiscountCurve.h">
      <Filter>ValueObjects</Filter>
    </ClInclude>
    <ClInclude Include="RateSource\Fixing\FixingCurves.h">
      <Filter>RateSource\Fixing</Filter>
    </ClInclude>
    <ClInclude Include="RateSource\Fixing\FixingRateSource.h">
      <Filter>RateSource\Fixing</Filter>
    </ClInclude>
    <ClInclude Include="RateSource\Forward\ForwardCurve.h">
      <Filter>RateSource\Forward</Filter>
    </ClInclude>
    <ClInclude Include="RateSource\Forward\ForwardRateSource.h">
      <Filter>RateSource\Forward</Filter>
    </ClInclude>
    <ClInclude Include="RateSource\Forward\vo_FuturesCurve.h">
      <Filter>ValueObjects</Filter>
    </ClInclude>
    <ClInclude Include="RateSource\Volatility\VolatilityRateSource.h">
      <Filter>RateSource\Volatility</Filter>
    </ClInclude>
    <ClInclude Include="RateSource\Volatility\VolatilitySurfaces.h">
      <Filter>RateSource\Volatility</Filter>
    </ClInclude>
    <ClInclude Include="RateSource\Volatility\vo_VolatilityCurve.h">
      <Filter>ValueObjects</Filter>
    </ClInclude>
    <ClInclude Include="RateSource\RatesEnvironment.h">
      <Filter>RateSource</Filter>
    </ClInclude>
    <ClInclude Include="RateSource\Volatility\VolatilityCurve.h">
      <Filter>RateSource\Volatility</Filter>
    </ClInclude>
    <ClInclude Include="RateSource\PathGenerators\SingleFactorGMB.h">
      <Filter>RateSource\PathGenerators</Filter>
    </ClInclude>
    <ClInclude Include="Contracts\Portfolio\Portfolio.h">
      <Filter>Contracts\Portfolio</Filter>
    </ClInclude>
    <ClInclude Include="Contracts\Portfolio\PortfolioEvolver.h">
      <Filter>Contracts\Portfolio</Filter>
    </ClInclude>
    <ClInclude Include="Contracts\Portfolio\Margin\Margin.h">
      <Filter>Contracts\Portfolio\Margin</Filter>
    </ClInclude>
    <ClInclude Include="Contracts\Portfolio\Insurance\PortfolioInsurance.h">
      <Filter>Contracts\Portfolio\Insurance</Filter>
    </ClInclude>
    <ClInclude Include="Contracts\Portfolio\CVA\CVA.h">
      <Filter>Contracts\Portfolio\CVA</Filter>
    </ClInclude>
    <ClInclude Include="Contracts\ContractStressor.h">
      <Filter>Contracts</Filter>
    </ClInclude>
  </ItemGroup>
  <ItemGroup>
    <ClCompile Include="Contracts\Contracts.cpp">
      <Filter>Contracts</Filter>
    </ClCompile>
    <ClCompile Include="RateSource\Discount\DiscountCurve.cpp">
      <Filter>RateSource\Discount</Filter>
    </ClCompile>
    <ClCompile Include="RateSource\Discount\DiscountRateSource.cpp">
      <Filter>RateSource\Discount</Filter>
    </ClCompile>
    <ClCompile Include="RateSource\Discount\vo_DiscountCurve.cpp">
      <Filter>ValueObjects</Filter>
    </ClCompile>
    <ClCompile Include="RateSource\Fixing\FixingCurves.cpp">
      <Filter>RateSource\Fixing</Filter>
    </ClCompile>
    <ClCompile Include="RateSource\Fixing\FixingRateSource.cpp">
      <Filter>RateSource\Fixing</Filter>
    </ClCompile>
    <ClCompile Include="RateSource\Forward\ForwardCurve.cpp">
      <Filter>RateSource\Forward</Filter>
    </ClCompile>
    <ClCompile Include="RateSource\Forward\ForwardRateSource.cpp">
      <Filter>RateSource\Forward</Filter>
    </ClCompile>
    <ClCompile Include="RateSource\Forward\vo_FuturesCurve.cpp">
      <Filter>ValueObjects</Filter>
    </ClCompile>
    <ClCompile Include="RateSource\Volatility\VolatilityRateSource.cpp">
      <Filter>RateSource\Volatility</Filter>
    </ClCompile>
    <ClCompile Include="RateSource\Volatility\VolatilitySurfaces.cpp">
      <Filter>RateSource\Volatility</Filter>
    </ClCompile>
    <ClCompile Include="RateSource\Volatility\vo_VolatilityCurve.cpp">
      <Filter>ValueObjects</Filter>
    </ClCompile>
    <ClCompile Include="RateSource\RatesEnvironment.cpp">
      <Filter>RateSource</Filter>
    </ClCompile>
    <ClCompile Include="RateSource\Volatility\VolatilityCurve.cpp">
      <Filter>RateSource\Volatility</Filter>
    </ClCompile>
    <ClCompile Include="RateSource\PathGenerators\SingleFactorGMB.cpp">
      <Filter>RateSource\PathGenerators</Filter>
    </ClCompile>
    <ClCompile Include="Contracts\Portfolio\Portfolio.cpp">
      <Filter>Contracts\Portfolio</Filter>
    </ClCompile>
    <ClCompile Include="Contracts\Portfolio\PortfolioEvolver.cpp">
      <Filter>Contracts\Portfolio</Filter>
    </ClCompile>
    <ClCompile Include="Contracts\Portfolio\Margin\Margin.cpp">
      <Filter>Contracts\Portfolio\Margin</Filter>
    </ClCompile>
    <ClCompile Include="Contracts\Portfolio\Insurance\PortfolioInsurance.cpp">
      <Filter>Contracts\Portfolio\Insurance</Filter>
    </ClCompile>
    <ClCompile Include="Contracts\Portfolio\CVA\CVA.cpp">
      <Filter>Contracts\Portfolio\CVA</Filter>
    </ClCompile>
    <ClCompile Include="Contracts\ContractStressor.cpp">
      <Filter>Contracts</Filter>
    </ClCompile>
  </ItemGroup>
</Project>