<?xml version="1.0" encoding="utf-8"?>
<Project ToolsVersion="4.0" xmlns="http://schemas.microsoft.com/developer/msbuild/2003">
  <ItemGroup>
    <Filter Include="Maths">
      <UniqueIdentifier>{9c395f72-674b-495b-baa8-ddedbfc5abbf}</UniqueIdentifier>
    </Filter>
    <Filter Include="Contracts">
      <UniqueIdentifier>{585afef6-9a4c-4032-ab12-447bcad5a082}</UniqueIdentifier>
    </Filter>
    <Filter Include="Option">
      <UniqueIdentifier>{25814c20-5fb8-484d-b751-0299a01e4ea4}</UniqueIdentifier>
    </Filter>
    <Filter Include="RateSource">
      <UniqueIdentifier>{fa6ee7ea-4ccc-43f5-9df0-b57975d4f154}</UniqueIdentifier>
    </Filter>
    <Filter Include="RateSource\Discount">
      <UniqueIdentifier>{fd25e836-604d-48fd-a296-25bced512290}</UniqueIdentifier>
    </Filter>
    <Filter Include="RateSource\Forward">
      <UniqueIdentifier>{3701df50-a9b7-40af-8c6c-417f3222662b}</UniqueIdentifier>
    </Filter>
    <Filter Include="RateSource\Fixing">
      <UniqueIdentifier>{ee4013df-58a5-4ee9-99d1-2ab31fd68e74}</UniqueIdentifier>
    </Filter>
    <Filter Include="RateSource\Volatility">
      <UniqueIdentifier>{1d4f5d40-2b47-4c42-a631-c43df63ac8db}</UniqueIdentifier>
    </Filter>
    <Filter Include="Contracts\Portfolio">
      <UniqueIdentifier>{b69cbb3d-babf-455f-9bdd-0a68fdd36d60}</UniqueIdentifier>
    </Filter>
    <Filter Include="Contracts\Portfolio\CVA">
      <UniqueIdentifier>{f1e40376-ea0b-46db-b958-2ed3e9311887}</UniqueIdentifier>
    </Filter>
    <Filter Include="Contracts\Portfolio\Insurance">
      <UniqueIdentifier>{7d8fdabb-4fc7-4e40-ae5b-c63441592775}</UniqueIdentifier>
    </Filter>
    <Filter Include="Contracts\Portfolio\Margin">
      <UniqueIdentifier>{e275a21c-660e-4fec-9ffc-6beaeb7c979f}</UniqueIdentifier>
    </Filter>
    <Filter Include="Contracts\Portfolio\Structures">
      <UniqueIdentifier>{f223e1ad-a534-4be4-a2f4-91a6a0eb8d72}</UniqueIdentifier>
    </Filter>
    <Filter Include="RateSource\PathGenerators">
      <UniqueIdentifier>{c51618c0-db3f-412d-85db-b3cd56319484}</UniqueIdentifier>
    </Filter>
  </ItemGroup>
  <ItemGroup>
    <ClCompile Include="..\maths\MathsTest.cpp">
      <Filter>Maths</Filter>
    </ClCompile>
    <ClCompile Include="sjdTest.cpp" />
    <ClCompile Include="..\OptionPricing\Black76FormulaTest.cpp">
      <Filter>Option</Filter>
    </ClCompile>
    <ClCompile Include="..\maths\TwoDimensionalInterpolationTest.cpp">
      <Filter>Maths</Filter>
    </ClCompile>
    <ClCompile Include="..\OptionPricing\AsianOptionFormulaTest.cpp">
      <Filter>Option</Filter>
    </ClCompile>
    <ClCompile Include="..\Contracts\ForwardContractTest.cpp">
      <Filter>Contracts</Filter>
    </ClCompile>
    <ClCompile Include="..\Contracts\OptionContractTest.cpp">
      <Filter>Contracts</Filter>
    </ClCompile>
    <ClCompile Include="..\Contracts\AsianOptionTest.cpp">
      <Filter>Contracts</Filter>
    </ClCompile>
    <ClCompile Include="..\Contracts\CashflowTest.cpp">
      <Filter>Contracts</Filter>
    </ClCompile>
    <ClCompile Include="GenerateContracts.cpp">
      <Filter>Contracts</Filter>
    </ClCompile>
    <ClCompile Include="..\RateSource\GenerateRatesEnvironments.cpp">
      <Filter>RateSource</Filter>
    </ClCompile>
    <ClCompile Include="..\RateSource\Discount\DiscountCurvesTest.cpp">
      <Filter>RateSource\Discount</Filter>
    </ClCompile>
    <ClCompile Include="..\RateSource\Fixing\FixingRatesTest.cpp">
      <Filter>RateSource\Fixing</Filter>
    </ClCompile>
    <ClCompile Include="..\RateSource\Volatility\VolatilityCurveTest.cpp">
      <Filter>RateSource\Volatility</Filter>
    </ClCompile>
    <ClCompile Include="..\RateSource\Volatility\VolatilitySurfacesTest.cpp">
      <Filter>RateSource\Volatility</Filter>
    </ClCompile>
    <ClCompile Include="..\Contracts\Portfolio\PortfolioTest.cpp">
      <Filter>Contracts\Portfolio</Filter>
    </ClCompile>
    <ClCompile Include="..\Contracts\Portfolio\Margin\MarginTest.cpp">
      <Filter>Contracts\Portfolio\Margin</Filter>
    </ClCompile>
    <ClCompile Include="..\Contracts\Portfolio\Insurance\PortfolioInsuranceTest.cpp">
      <Filter>Contracts\Portfolio\Insurance</Filter>
    </ClCompile>
    <ClCompile Include="..\Contracts\Portfolio\CVA\CVATest.cpp">
      <Filter>Contracts\Portfolio\CVA</Filter>
    </ClCompile>
    <ClCompile Include="..\Contracts\Portfolio\Structures\StructureTest.cpp">
      <Filter>Contracts\Portfolio\Structures</Filter>
    </ClCompile>
    <ClCompile Include="..\RateSource\Forward\ForwardCurveTest.cpp">
      <Filter>RateSource\Forward</Filter>
    </ClCompile>
    <ClCompile Include="..\RateSource\Forward\CalendarMonthAverageTest.cpp">
      <Filter>RateSource\Forward</Filter>
    </ClCompile>
    <ClCompile Include="..\RateSource\Discount\InterestRateConventionTest.cpp">
      <Filter>RateSource\Discount</Filter>
    </ClCompile>
    <ClCompile Include="..\Contracts\Portfolio\PortfolioEvolverTest.cpp">
      <Filter>Contracts\Portfolio</Filter>
    </ClCompile>
    <ClCompile Include="..\RateSource\Forward\ForwardCurveFXTest.cpp">
      <Filter>RateSource\Forward</Filter>
    </ClCompile>
  </ItemGroup>
  <ItemGroup>
    <ClInclude Include="..\maths\MathsTest.h">
      <Filter>Maths</Filter>
    </ClInclude>
    <ClInclude Include="sjdTest.h" />
    <ClInclude Include="TestingParameters.h" />
    <ClInclude Include="..\OptionPricing\Black76FormulaTest.h">
      <Filter>Option</Filter>
    </ClInclude>
    <ClInclude Include="..\maths\TwoDimensionalInterpolationTest.h">
      <Filter>Maths</Filter>
    </ClInclude>
    <ClInclude Include="..\OptionPricing\AsianOptionFormulaTest.h">
      <Filter>Option</Filter>
    </ClInclude>
    <ClInclude Include="..\Contracts\ForwardContractTest.h">
      <Filter>Contracts</Filter>
    </ClInclude>
    <ClInclude Include="..\Contracts\OptionContractTest.h">
      <Filter>Contracts</Filter>
    </ClInclude>
    <ClInclude Include="..\Contracts\AsianOptionTest.h">
      <Filter>Contracts</Filter>
    </ClInclude>
    <ClInclude Include="..\Contracts\CashflowTest.h">
      <Filter>Contracts</Filter>
    </ClInclude>
    <ClInclude Include="GenerateContracts.h">
      <Filter>Contracts</Filter>
    </ClInclude>
    <ClInclude Include="..\RateSource\GenerateRatesEnvironments.h">
      <Filter>RateSource</Filter>
    </ClInclude>
    <ClInclude Include="..\RateSource\Discount\DiscountCurvesTest.h">
      <Filter>RateSource\Discount</Filter>
    </ClInclude>
    <ClInclude Include="..\RateSource\Fixing\FixingRatesTest.h">
      <Filter>RateSource\Fixing</Filter>
    </ClInclude>
    <ClInclude Include="..\RateSource\Volatility\VolatilityCurveTest.h">
      <Filter>RateSource\Volatility</Filter>
    </ClInclude>
    <ClInclude Include="..\RateSource\Volatility\VolatilitySurfacesTest.h">
      <Filter>RateSource\Volatility</Filter>
    </ClInclude>
    <ClInclude Include="..\Contracts\Portfolio\PortfolioTest.h">
      <Filter>Contracts\Portfolio</Filter>
    </ClInclude>
    <ClInclude Include="..\Contracts\Portfolio\Margin\MarginTest.h">
      <Filter>Contracts\Portfolio\Margin</Filter>
    </ClInclude>
    <ClInclude Include="..\Contracts\Portfolio\Insurance\PortfolioInsuranceTest.h">
      <Filter>Contracts\Portfolio\Insurance</Filter>
    </ClInclude>
    <ClInclude Include="..\Contracts\Portfolio\CVA\CVATest.h">
      <Filter>Contracts\Portfolio\CVA</Filter>
    </ClInclude>
    <ClInclude Include="..\Contracts\Portfolio\Structures\StructureTest.h">
      <Filter>Contracts\Portfolio\Structures</Filter>
    </ClInclude>
    <ClInclude Include="..\RateSource\Forward\ForwardCurveTest.h">
      <Filter>RateSource\Forward</Filter>
    </ClInclude>
    <ClInclude Include="..\RateSource\Forward\CalendarMonthAverageTest.h">
      <Filter>RateSource\Forward</Filter>
    </ClInclude>
    <ClInclude Include="..\RateSource\Discount\InterestRateConventionTest.h">
      <Filter>RateSource\Discount</Filter>
    </ClInclude>
    <ClInclude Include="..\Contracts\Portfolio\PortfolioEvolverTest.h">
      <Filter>Contracts\Portfolio</Filter>
    </ClInclude>
    <ClInclude Include="..\RateSource\Forward\ForwardCurveFXTest.h">
      <Filter>RateSource\Forward</Filter>
    </ClInclude>
  </ItemGroup>
</Project>