<?xml version="1.0" encoding="utf-8"?>
<Project ToolsVersion="4.0" xmlns="http://schemas.microsoft.com/developer/msbuild/2003">
  <ItemGroup>
    <Filter Include="Maths">
      <UniqueIdentifier>{6497b9d6-4aa2-4334-b878-1b275a470ece}</UniqueIdentifier>
    </Filter>
    <Filter Include="Contracts">
      <UniqueIdentifier>{42d78084-525c-4c57-88d6-8f3a6a82a46e}</UniqueIdentifier>
    </Filter>
    <Filter Include="Option">
      <UniqueIdentifier>{813a07df-8178-4a5f-99c0-189e3595ba5d}</UniqueIdentifier>
    </Filter>
    <Filter Include="RateSource">
      <UniqueIdentifier>{309b4010-c075-46cb-8720-d6bed216ee11}</UniqueIdentifier>
    </Filter>
    <Filter Include="RateSource\Volatility">
      <UniqueIdentifier>{17a5428c-a133-4d52-8531-363c64fe2575}</UniqueIdentifier>
    </Filter>
    <Filter Include="RateSource\Discount">
      <UniqueIdentifier>{ba369eeb-21e2-4799-9b7b-325ab095a415}</UniqueIdentifier>
    </Filter>
    <Filter Include="RateSource\Forward">
      <UniqueIdentifier>{8d13af2c-9f1e-4dc0-a4f9-199a7d79e6e2}</UniqueIdentifier>
    </Filter>
    <Filter Include="RateSource\Fixing">
      <UniqueIdentifier>{677a2f94-624f-4ffe-8cb7-9c4612c70c3e}</UniqueIdentifier>
    </Filter>
    <Filter Include="Contracts\Portfolio">
      <UniqueIdentifier>{59ff8ff1-bc7a-4f28-bb74-1fd6ecc91601}</UniqueIdentifier>
    </Filter>
    <Filter Include="Contracts\Portfolio\CVA">
      <UniqueIdentifier>{20207eba-56f3-4d27-8941-0a28ed0f1150}</UniqueIdentifier>
    </Filter>
    <Filter Include="Contracts\Portfolio\Margin">
      <UniqueIdentifier>{415855ac-fa64-49e8-b212-b31d3ae10beb}</UniqueIdentifier>
    </Filter>
    <Filter Include="Contracts\Portfolio\Insurance">
      <UniqueIdentifier>{5a709ca6-f568-46e4-86ed-d4c08f8c04b6}</UniqueIdentifier>
    </Filter>
    <Filter Include="Contracts\Portfolio\RegCap">
      <UniqueIdentifier>{3ffaa712-9945-467b-99ea-2b7501d73299}</UniqueIdentifier>
    </Filter>
    <Filter Include="Contracts\Portfolio\Structures">
      <UniqueIdentifier>{4fc41182-05dd-4033-a329-3b6aa4d07acd}</UniqueIdentifier>
    </Filter>
    <Filter Include="Tools">
      <UniqueIdentifier>{8d334660-74c8-4706-a66c-c732ba2ec61a}</UniqueIdentifier>
    </Filter>
    <Filter Include="RateSource\Forward\Stochastic">
      <UniqueIdentifier>{fe917dec-b1ee-4516-8611-1579be4ee888}</UniqueIdentifier>
    </Filter>
    <Filter Include="RateSource\Forward\Deterministic">
      <UniqueIdentifier>{ad13de1e-3b89-472d-9bea-cd2677fc30b5}</UniqueIdentifier>
    </Filter>
    <Filter Include="RateSource\PathGenerators">
      <UniqueIdentifier>{fc675069-390e-46e4-a26e-b4d929102f79}</UniqueIdentifier>
    </Filter>
  </ItemGroup>
  <ItemGroup>
    <ClCompile Include="..\maths\maths.cpp">
      <Filter>Maths</Filter>
    </ClCompile>
    <ClCompile Include="..\OptionPricing\Black76Formula.cpp">
      <Filter>Option</Filter>
    </ClCompile>
    <ClCompile Include="..\maths\TwoDimensionalInterpolation.cpp">
      <Filter>Maths</Filter>
    </ClCompile>
    <ClCompile Include="..\OptionPricing\AsianOptionFormula.cpp">
      <Filter>Option</Filter>
    </ClCompile>
    <ClCompile Include="..\Contracts\AsianOptionContract.cpp">
      <Filter>Contracts</Filter>
    </ClCompile>
    <ClCompile Include="..\Contracts\Contracts.cpp">
      <Filter>Contracts</Filter>
    </ClCompile>
    <ClCompile Include="..\Contracts\AsianForwardContract.cpp">
      <Filter>Contracts</Filter>
    </ClCompile>
    <ClCompile Include="..\Contracts\EuropeanForwardContract.cpp">
      <Filter>Contracts</Filter>
    </ClCompile>
    <ClCompile Include="..\Contracts\EuropeanOptionContract.cpp">
      <Filter>Contracts</Filter>
    </ClCompile>
    <ClCompile Include="..\RateSource\RateSource.cpp">
      <Filter>RateSource</Filter>
    </ClCompile>
    <ClCompile Include="..\Contracts\Cashflow.cpp">
      <Filter>Contracts</Filter>
    </ClCompile>
    <ClCompile Include="..\RateSource\Discount\DiscountCurves.cpp">
      <Filter>RateSource\Discount</Filter>
    </ClCompile>
    <ClCompile Include="..\RateSource\Fixing\FixingCurves.cpp">
      <Filter>RateSource\Fixing</Filter>
    </ClCompile>
    <ClCompile Include="..\RateSource\Volatility\VolatilityCurve.cpp">
      <Filter>RateSource\Volatility</Filter>
    </ClCompile>
    <ClCompile Include="..\RateSource\Volatility\VolatilitySurfaces.cpp">
      <Filter>RateSource\Volatility</Filter>
    </ClCompile>
    <ClCompile Include="..\Contracts\Portfolio\Portfolio.cpp">
      <Filter>Contracts\Portfolio</Filter>
    </ClCompile>
    <ClCompile Include="..\Contracts\Portfolio\RegCap\RegCapCreditParameters.cpp">
      <Filter>Contracts\Portfolio\RegCap</Filter>
    </ClCompile>
    <ClCompile Include="..\Contracts\Portfolio\RegCap\RegCapUnderlyingFactors.cpp">
      <Filter>Contracts\Portfolio\RegCap</Filter>
    </ClCompile>
    <ClCompile Include="..\Contracts\Portfolio\Margin\Margin.cpp">
      <Filter>Contracts\Portfolio\Margin</Filter>
    </ClCompile>
    <ClCompile Include="..\Contracts\Portfolio\Insurance\PortfolioInsurance.cpp">
      <Filter>Contracts\Portfolio\Insurance</Filter>
    </ClCompile>
    <ClCompile Include="..\Contracts\Portfolio\CVA\cva.cpp">
      <Filter>Contracts\Portfolio\CVA</Filter>
    </ClCompile>
    <ClCompile Include="..\Contracts\Portfolio\Structures\Structure.cpp">
      <Filter>Contracts\Portfolio\Structures</Filter>
    </ClCompile>
    <ClCompile Include="..\RateSource\RatesEnvironment.cpp">
      <Filter>RateSource</Filter>
    </ClCompile>
    <ClCompile Include="..\Contracts\Portfolio\PortfolioEvolver.cpp">
      <Filter>Contracts\Portfolio</Filter>
    </ClCompile>
    <ClCompile Include="..\RateSource\Volatility\DeterministicVolatilityRateSource.cpp">
      <Filter>RateSource\Volatility</Filter>
    </ClCompile>
    <ClCompile Include="..\RateSource\Discount\DeterministicDiscountRateSource.cpp">
      <Filter>RateSource\Discount</Filter>
    </ClCompile>
    <ClCompile Include="..\RateSource\Fixing\RollingFixingRateSource.cpp">
      <Filter>RateSource\Fixing</Filter>
    </ClCompile>
    <ClCompile Include="..\Tools\Curve.cpp">
      <Filter>Tools</Filter>
    </ClCompile>
    <ClCompile Include="..\Tools\DatedCurve.cpp">
      <Filter>Tools</Filter>
    </ClCompile>
    <ClCompile Include="..\Tools\CalendarMonthAverageCurve.cpp">
      <Filter>Tools</Filter>
    </ClCompile>
    <ClCompile Include="..\RateSource\Volatility\VolatilityCurveCMA.cpp">
      <Filter>RateSource\Volatility</Filter>
    </ClCompile>
    <ClCompile Include="..\RateSource\Discount\InterestRateConvention.cpp">
      <Filter>RateSource\Discount</Filter>
    </ClCompile>
    <ClCompile Include="..\RateSource\Volatility\VolatilitySurfaceMoneynessCMA.cpp">
      <Filter>RateSource\Volatility</Filter>
    </ClCompile>
    <ClCompile Include="..\RateSource\Volatility\VolatilitySurfaceMoneyness.cpp">
      <Filter>RateSource\Volatility</Filter>
    </ClCompile>
    <ClCompile Include="..\RateSource\Volatility\VolatilitySurfaceDelta.cpp">
      <Filter>RateSource\Volatility</Filter>
    </ClCompile>
    <ClCompile Include="..\RateSource\Forward\ForwardRateSourceDeterministic.cpp">
      <Filter>RateSource\Forward</Filter>
    </ClCompile>
    <ClCompile Include="..\RateSource\Forward\ForwardRateSourceStochastic.cpp">
      <Filter>RateSource\Forward</Filter>
    </ClCompile>
    <ClCompile Include="..\RateSource\Forward\ForwardRateSource.cpp">
      <Filter>RateSource\Forward</Filter>
    </ClCompile>
    <ClCompile Include="..\RateSource\Forward\Stochastic\ForwardCurveCMAStochasticFwdVol.cpp">
      <Filter>RateSource\Forward\Stochastic</Filter>
    </ClCompile>
    <ClCompile Include="..\RateSource\Forward\Stochastic\ForwardCurveStochasticFwdVol.cpp">
      <Filter>RateSource\Forward\Stochastic</Filter>
    </ClCompile>
    <ClCompile Include="..\RateSource\Forward\Stochastic\ForwardCurveStochasticSpotVol.cpp">
      <Filter>RateSource\Forward\Stochastic</Filter>
    </ClCompile>
    <ClCompile Include="..\RateSource\Forward\Deterministic\ForwardCurveCMADeterministic.cpp">
      <Filter>RateSource\Forward\Deterministic</Filter>
    </ClCompile>
    <ClCompile Include="..\RateSource\Forward\Deterministic\ForwardCurveDeterministic.cpp">
      <Filter>RateSource\Forward\Deterministic</Filter>
    </ClCompile>
    <ClCompile Include="..\RateSource\Discount\DiscountRateSource.cpp">
      <Filter>RateSource\Discount</Filter>
    </ClCompile>
    <ClCompile Include="..\RateSource\Fixing\FixingRateSource.cpp">
      <Filter>RateSource\Fixing</Filter>
    </ClCompile>
    <ClCompile Include="..\RateSource\Volatility\VolatilityRateSource.cpp">
      <Filter>RateSource\Volatility</Filter>
    </ClCompile>
    <ClCompile Include="..\RateSource\PathGenerators\Path.cpp">
      <Filter>RateSource\PathGenerators</Filter>
    </ClCompile>
    <ClCompile Include="..\RateSource\PathGenerators\SingleFactorGMB.cpp">
      <Filter>RateSource\PathGenerators</Filter>
    </ClCompile>
    <ClCompile Include="..\RateSource\Forward\Stochastic\ForwardCurveStochasticFX.cpp">
      <Filter>RateSource\Forward\Stochastic</Filter>
    </ClCompile>
    <ClCompile Include="..\RateSource\Forward\ForwardCurveFX.cpp">
      <Filter>RateSource\Forward</Filter>
    </ClCompile>
    <ClCompile Include="..\RateSource\Forward\Deterministic\ForwardCurveDeterministicFX.cpp">
      <Filter>RateSource\Forward\Deterministic</Filter>
    </ClCompile>
    <ClCompile Include="..\Contracts\ContractStressor.cpp">
      <Filter>Contracts</Filter>
    </ClCompile>
    <ClCompile Include="..\Tools\Common.cpp">
      <Filter>Tools</Filter>
    </ClCompile>
  </ItemGroup>
  <ItemGroup>
    <ClInclude Include="..\maths\maths.h">
      <Filter>Maths</Filter>
    </ClInclude>
    <ClInclude Include="..\OptionPricing\Black76Formula.h">
      <Filter>Option</Filter>
    </ClInclude>
    <ClInclude Include="..\Contracts\Contracts.h">
      <Filter>Contracts</Filter>
    </ClInclude>
    <ClInclude Include="..\maths\TwoDimensionalInterpolation.h">
      <Filter>Maths</Filter>
    </ClInclude>
    <ClInclude Include="..\OptionPricing\AsianOptionFormula.h">
      <Filter>Option</Filter>
    </ClInclude>
    <ClInclude Include="..\Contracts\AsianOptionContract.h">
      <Filter>Contracts</Filter>
    </ClInclude>
    <ClInclude Include="..\Contracts\AsianForwardContract.h">
      <Filter>Contracts</Filter>
    </ClInclude>
    <ClInclude Include="..\Contracts\EuropeanForwardContract.h">
      <Filter>Contracts</Filter>
    </ClInclude>
    <ClInclude Include="..\Contracts\EuropeanOptionContract.h">
      <Filter>Contracts</Filter>
    </ClInclude>
    <ClInclude Include="..\RateSource\RateSource.h">
      <Filter>RateSource</Filter>
    </ClInclude>
    <ClInclude Include="..\Contracts\Cashflow.h">
      <Filter>Contracts</Filter>
    </ClInclude>
    <ClInclude Include="..\RateSource\Discount\DiscountCurves.h">
      <Filter>RateSource\Discount</Filter>
    </ClInclude>
    <ClInclude Include="..\RateSource\Fixing\FixingCurves.h">
      <Filter>RateSource\Fixing</Filter>
    </ClInclude>
    <ClInclude Include="..\RateSource\Volatility\VolatilityCurve.h">
      <Filter>RateSource\Volatility</Filter>
    </ClInclude>
    <ClInclude Include="..\RateSource\Volatility\VolatilitySurfaces.h">
      <Filter>RateSource\Volatility</Filter>
    </ClInclude>
    <ClInclude Include="..\Contracts\Portfolio\Portfolio.h">
      <Filter>Contracts\Portfolio</Filter>
    </ClInclude>
    <ClInclude Include="..\Contracts\Portfolio\RegCap\RegCapCreditParameters.h">
      <Filter>Contracts\Portfolio\RegCap</Filter>
    </ClInclude>
    <ClInclude Include="..\Contracts\Portfolio\RegCap\RegCapUnderlyingFactors.h">
      <Filter>Contracts\Portfolio\RegCap</Filter>
    </ClInclude>
    <ClInclude Include="..\Contracts\Portfolio\Margin\Margin.h">
      <Filter>Contracts\Portfolio\Margin</Filter>
    </ClInclude>
    <ClInclude Include="..\Contracts\Portfolio\Insurance\PortfolioInsurance.h">
      <Filter>Contracts\Portfolio\Insurance</Filter>
    </ClInclude>
    <ClInclude Include="..\Contracts\Portfolio\CVA\cva.h">
      <Filter>Contracts\Portfolio\CVA</Filter>
    </ClInclude>
    <ClInclude Include="..\Contracts\Portfolio\Structures\Structure.h">
      <Filter>Contracts\Portfolio\Structures</Filter>
    </ClInclude>
    <ClInclude Include="..\RateSource\RatesEnvironment.h">
      <Filter>RateSource</Filter>
    </ClInclude>
    <ClInclude Include="..\Contracts\Portfolio\PortfolioEvolver.h">
      <Filter>Contracts\Portfolio</Filter>
    </ClInclude>
    <ClInclude Include="..\RateSource\Discount\DeterministicDiscountRateSource.h">
      <Filter>RateSource\Discount</Filter>
    </ClInclude>
    <ClInclude Include="..\RateSource\Volatility\DeterministicVolatilityRateSource.h">
      <Filter>RateSource\Volatility</Filter>
    </ClInclude>
    <ClInclude Include="..\RateSource\Fixing\RollingFixingRateSource.h">
      <Filter>RateSource\Fixing</Filter>
    </ClInclude>
    <ClInclude Include="..\Tools\Curve.h">
      <Filter>Tools</Filter>
    </ClInclude>
    <ClInclude Include="..\Tools\DatedCurve.h">
      <Filter>Tools</Filter>
    </ClInclude>
    <ClInclude Include="..\Tools\CalendarMonthAverageCurve.h">
      <Filter>Tools</Filter>
    </ClInclude>
    <ClInclude Include="..\RateSource\Volatility\VolatilityCurveCMA.h">
      <Filter>RateSource\Volatility</Filter>
    </ClInclude>
    <ClInclude Include="..\RateSource\Discount\InterestRateConvention.h">
      <Filter>RateSource\Discount</Filter>
    </ClInclude>
    <ClInclude Include="..\RateSource\Volatility\VolatilitySurfaceMoneynessCMA.h">
      <Filter>RateSource\Volatility</Filter>
    </ClInclude>
    <ClInclude Include="..\RateSource\Volatility\VolatilitySurfaceMoneyness.h">
      <Filter>RateSource\Volatility</Filter>
    </ClInclude>
    <ClInclude Include="..\RateSource\Volatility\VolatilitySurfaceDelta.h">
      <Filter>RateSource\Volatility</Filter>
    </ClInclude>
    <ClInclude Include="..\RateSource\Forward\ForwardRateSourceDeterministic.h">
      <Filter>RateSource\Forward</Filter>
    </ClInclude>
    <ClInclude Include="..\RateSource\Forward\ForwardRateSourceStochastic.h">
      <Filter>RateSource\Forward</Filter>
    </ClInclude>
    <ClInclude Include="..\RateSource\Forward\ForwardRateSource.h">
      <Filter>RateSource\Forward</Filter>
    </ClInclude>
    <ClInclude Include="..\RateSource\Forward\Stochastic\ForwardCurveCMAStochasticFwdVol.h">
      <Filter>RateSource\Forward\Stochastic</Filter>
    </ClInclude>
    <ClInclude Include="..\RateSource\Forward\Stochastic\ForwardCurveStochasticFwdVol.h">
      <Filter>RateSource\Forward\Stochastic</Filter>
    </ClInclude>
    <ClInclude Include="..\RateSource\Forward\Stochastic\ForwardCurveStochasticSpotVol.h">
      <Filter>RateSource\Forward\Stochastic</Filter>
    </ClInclude>
    <ClInclude Include="..\RateSource\Forward\Deterministic\ForwardCurveCMADeterministic.h">
      <Filter>RateSource\Forward\Deterministic</Filter>
    </ClInclude>
    <ClInclude Include="..\RateSource\Forward\Deterministic\ForwardCurveDeterministic.h">
      <Filter>RateSource\Forward\Deterministic</Filter>
    </ClInclude>
    <ClInclude Include="..\RateSource\Discount\DiscountRateSource.h">
      <Filter>RateSource\Discount</Filter>
    </ClInclude>
    <ClInclude Include="..\RateSource\Fixing\FixingRateSource.h">
      <Filter>RateSource\Fixing</Filter>
    </ClInclude>
    <ClInclude Include="..\RateSource\Volatility\VolatilityRateSource.h">
      <Filter>RateSource\Volatility</Filter>
    </ClInclude>
    <ClInclude Include="..\RateSource\PathGenerators\Path.h">
      <Filter>RateSource\PathGenerators</Filter>
    </ClInclude>
    <ClInclude Include="..\RateSource\PathGenerators\SingleFactorGMB.h">
      <Filter>RateSource\PathGenerators</Filter>
    </ClInclude>
    <ClInclude Include="..\RateSource\Forward\Stochastic\ForwardCurveStochasticFX.h">
      <Filter>RateSource\Forward\Stochastic</Filter>
    </ClInclude>
    <ClInclude Include="..\RateSource\Forward\ForwardCurveFX.h">
      <Filter>RateSource\Forward</Filter>
    </ClInclude>
    <ClInclude Include="..\RateSource\Forward\Deterministic\ForwardCurveDeterministicFX.h">
      <Filter>RateSource\Forward\Deterministic</Filter>
    </ClInclude>
    <ClInclude Include="..\RateSource\Forward\UsesInterestRateDifferential.h">
      <Filter>RateSource\Forward</Filter>
    </ClInclude>
    <ClInclude Include="..\RateSource\IHaveMarketRateStresses.h">
      <Filter>RateSource</Filter>
    </ClInclude>
    <ClInclude Include="..\Contracts\ContractStressor.h">
      <Filter>Contracts</Filter>
    </ClInclude>
    <ClInclude Include="..\Tools\Common.h">
      <Filter>Tools</Filter>
    </ClInclude>
  </ItemGroup>
</Project>