<?xml version="1.0" encoding="utf-8"?>
<Project ToolsVersion="4.0" xmlns="http://schemas.microsoft.com/developer/msbuild/2003">
  <ItemGroup>
    <Filter Include="Register">
      <UniqueIdentifier>{74c3d095-1af8-434c-ada8-d41b8ffaef4e}</UniqueIdentifier>
    </Filter>
    <Filter Include="Functions">
      <UniqueIdentifier>{60fffc2c-fc9a-4882-8de8-2b669fe5cf7f}</UniqueIdentifier>
    </Filter>
    <Filter Include="Conversions">
      <UniqueIdentifier>{e849b911-5e4f-4b60-aef5-16521ab28746}</UniqueIdentifier>
    </Filter>
  </ItemGroup>
  <ItemGroup>
    <ClCompile Include="Register_All.cpp">
      <Filter>Register</Filter>
    </ClCompile>
    <ClCompile Include="Register_PathGenerator.cpp">
      <Filter>Register</Filter>
    </ClCompile>
    <ClCompile Include="Register_Portfolio.cpp">
      <Filter>Register</Filter>
    </ClCompile>
    <ClCompile Include="Conversions\matrixtooper.cpp">
      <Filter>Conversions</Filter>
    </ClCompile>
    <ClCompile Include="Conversions\opertomatrix.cpp">
      <Filter>Conversions</Filter>
    </ClCompile>
    <ClCompile Include="Conversions\opertovector.cpp">
      <Filter>Conversions</Filter>
    </ClCompile>
    <ClCompile Include="Conversions\scalartooper.cpp">
      <Filter>Conversions</Filter>
    </ClCompile>
    <ClCompile Include="Register_Margin.cpp">
      <Filter>Register</Filter>
    </ClCompile>
    <ClCompile Include="Register_Contract.cpp">
      <Filter>Register</Filter>
    </ClCompile>
    <ClCompile Include="Register_ContractOptionEuropean.cpp">
      <Filter>Register</Filter>
    </ClCompile>
    <ClCompile Include="Register_ContractForwardAsian.cpp">
      <Filter>Register</Filter>
    </ClCompile>
    <ClCompile Include="Register_ContractForwardEuropean.cpp">
      <Filter>Register</Filter>
    </ClCompile>
    <ClCompile Include="Register_ContractOptionAsian.cpp">
      <Filter>Register</Filter>
    </ClCompile>
    <ClCompile Include="Register_ContractCashflow.cpp">
      <Filter>Register</Filter>
    </ClCompile>
    <ClCompile Include="ObjectCommon.cpp" />
    <ClCompile Include="Functions_ContractCashflow.cpp">
      <Filter>Functions</Filter>
    </ClCompile>
    <ClCompile Include="Functions_Contract.cpp">
      <Filter>Functions</Filter>
    </ClCompile>
    <ClCompile Include="Functions_ContractForwardAsian.cpp">
      <Filter>Functions</Filter>
    </ClCompile>
    <ClCompile Include="Functions_ContractForwardEuropean.cpp">
      <Filter>Functions</Filter>
    </ClCompile>
    <ClCompile Include="Functions_ContractOptionAsian.cpp">
      <Filter>Functions</Filter>
    </ClCompile>
    <ClCompile Include="Functions_ContractOptionEuropean.cpp">
      <Filter>Functions</Filter>
    </ClCompile>
    <ClCompile Include="Functions_CVA.cpp">
      <Filter>Functions</Filter>
    </ClCompile>
    <ClCompile Include="Register_CVA.cpp">
      <Filter>Register</Filter>
    </ClCompile>
    <ClCompile Include="Functions_Insurance.cpp">
      <Filter>Functions</Filter>
    </ClCompile>
    <ClCompile Include="Register_Insurance.cpp">
      <Filter>Register</Filter>
    </ClCompile>
    <ClCompile Include="Functions_Margin.cpp">
      <Filter>Functions</Filter>
    </ClCompile>
    <ClCompile Include="Functions_PathGenerator.cpp">
      <Filter>Functions</Filter>
    </ClCompile>
    <ClCompile Include="Functions_Portfolio.cpp">
      <Filter>Functions</Filter>
    </ClCompile>
    <ClCompile Include="Functions_Rates_DRS.cpp">
      <Filter>Functions</Filter>
    </ClCompile>
    <ClCompile Include="Functions_Rates_FixingRS.cpp">
      <Filter>Functions</Filter>
    </ClCompile>
    <ClCompile Include="Functions_Rates_FRS.cpp">
      <Filter>Functions</Filter>
    </ClCompile>
    <ClCompile Include="Functions_Rates_VRS.cpp">
      <Filter>Functions</Filter>
    </ClCompile>
    <ClCompile Include="Register_Rates_DRS.cpp">
      <Filter>Register</Filter>
    </ClCompile>
    <ClCompile Include="Register_Rates_FixingRS.cpp">
      <Filter>Register</Filter>
    </ClCompile>
    <ClCompile Include="Register_Rates_FRS.cpp">
      <Filter>Register</Filter>
    </ClCompile>
    <ClCompile Include="Register_Rates_VRS.cpp">
      <Filter>Register</Filter>
    </ClCompile>
    <ClCompile Include="Functions_RatesEnvironment.cpp">
      <Filter>Functions</Filter>
    </ClCompile>
    <ClCompile Include="Register_RatesEnvironment.cpp">
      <Filter>Register</Filter>
    </ClCompile>
    <ClCompile Include="Functions_PortfolioEvolver.cpp">
      <Filter>Functions</Filter>
    </ClCompile>
    <ClCompile Include="Register_PortfolioEvolver.cpp">
      <Filter>Register</Filter>
    </ClCompile>
    <ClCompile Include="Functions_ContractStressor.cpp">
      <Filter>Functions</Filter>
    </ClCompile>
    <ClCompile Include="Register_ContractStressor.cpp">
      <Filter>Register</Filter>
    </ClCompile>
    <ClCompile Include="addin.cpp" />
  </ItemGroup>
  <ItemGroup>
    <ClInclude Include="Register_All.h">
      <Filter>Register</Filter>
    </ClInclude>
    <ClInclude Include="Conversions\all.hpp">
      <Filter>Conversions</Filter>
    </ClInclude>
    <ClInclude Include="Conversions\matrixtooper.hpp">
      <Filter>Conversions</Filter>
    </ClInclude>
    <ClInclude Include="Conversions\opertomatrix.hpp">
      <Filter>Conversions</Filter>
    </ClInclude>
    <ClInclude Include="Conversions\opertovector.hpp">
      <Filter>Conversions</Filter>
    </ClInclude>
    <ClInclude Include="Conversions\scalartooper.hpp">
      <Filter>Conversions</Filter>
    </ClInclude>
    <ClInclude Include="Conversions\vectortooper.hpp">
      <Filter>Conversions</Filter>
    </ClInclude>
    <ClInclude Include="ObjectCommon.h" />
  </ItemGroup>
</Project>