<?xml version="1.0" encoding="utf-8"?>
<Project ToolsVersion="4.0" xmlns="http://schemas.microsoft.com/developer/msbuild/2003">
  <ItemGroup>
    <Filter Include="Source Files">
      <UniqueIdentifier>{4FC737F1-C7A5-4376-A066-2A32D752A2FF}</UniqueIdentifier>
      <Extensions>cpp;c;cc;cxx;def;odl;idl;hpj;bat;asm;asmx</Extensions>
    </Filter>
    <Filter Include="Header Files">
      <UniqueIdentifier>{93995380-89BD-4b04-88EB-625FBE52EBFB}</UniqueIdentifier>
      <Extensions>h;hpp;hxx;hm;inl;inc;xsd</Extensions>
    </Filter>
    <Filter Include="XllFiles">
      <UniqueIdentifier>{11429478-ca35-4ff9-8a3a-59fb03128c1c}</UniqueIdentifier>
    </Filter>
  </ItemGroup>
  <ItemGroup>
    <None Include="ReadMe.txt" />
    <None Include="sjdXll.def">
      <Filter>Source Files</Filter>
    </None>
  </ItemGroup>
  <ItemGroup>
    <ClCompile Include="xll\cpp_xloper.cpp">
      <Filter>XllFiles</Filter>
    </ClCompile>
    <ClCompile Include="xll\xl_array.cpp">
      <Filter>XllFiles</Filter>
    </ClCompile>
    <ClCompile Include="xll\xllInterface.cpp">
      <Filter>XllFiles</Filter>
    </ClCompile>
    <ClCompile Include="xll\xloper.cpp">
      <Filter>XllFiles</Filter>
    </ClCompile>
    <ClCompile Include="sjdXLLInterfaceReg.cpp">
      <Filter>Source Files</Filter>
    </ClCompile>
    <ClCompile Include="sjdXLLInterface.cpp">
      <Filter>Source Files</Filter>
    </ClCompile>
    <ClCompile Include="xllServiceFunctions.cpp">
      <Filter>Source Files</Filter>
    </ClCompile>
    <ClCompile Include="..\OptionPricing\BlackScholesFormula.cpp">
      <Filter>Source Files</Filter>
    </ClCompile>
    <ClCompile Include="AsianOptionFormulaForExcel.cpp">
      <Filter>Source Files</Filter>
    </ClCompile>
  </ItemGroup>
  <ItemGroup>
    <ClInclude Include="xll\cpp_xloper.h">
      <Filter>XllFiles</Filter>
    </ClInclude>
    <ClInclude Include="xll\xl_array.h">
      <Filter>XllFiles</Filter>
    </ClInclude>
    <ClInclude Include="xll\xllAddIn.h">
      <Filter>XllFiles</Filter>
    </ClInclude>
    <ClInclude Include="xll\xloper.h">
      <Filter>XllFiles</Filter>
    </ClInclude>
    <ClInclude Include="sjdXLLInterface.h">
      <Filter>Header Files</Filter>
    </ClInclude>
    <ClInclude Include="xll\xlcall.h">
      <Filter>XllFiles</Filter>
    </ClInclude>
    <ClInclude Include="xllServiceFunctions.h">
      <Filter>Header Files</Filter>
    </ClInclude>
    <ClInclude Include="..\OptionPricing\BlackScholesFormula.h">
      <Filter>Header Files</Filter>
    </ClInclude>
    <ClInclude Include="AsianOptionFormulaForExcel.h">
      <Filter>Header Files</Filter>
    </ClInclude>
  </ItemGroup>
</Project>